
Microsoft Visual Studio Solution File, Format Version 12.00
# Visual Studio Version 17
VisualStudioVersion = 17.0.31903.59
MinimumVisualStudioVersion = 10.0.40219.1
Project("{9A19103F-16F7-4668-BE54-9A1E7A4F7556}") = "ConsoleTrader", "ConsoleTrader\ConsoleTrader.csproj", "{D3B39ABE-9941-4E63-B50A-B8A410B9D810}"
EndProject
Project("{9A19103F-16F7-4668-BE54-9A1E7A4F7556}") = "CSharpAPI", "client\CSharpAPI.csproj", "{523288BF-C1D1-4DEF-8C68-3AB2349ECC17}"
EndProject
Project("{9A19103F-16F7-4668-BE54-9A1E7A4F7556}") = "Core", "Core\Core.csproj", "{5BB476D5-9088-4202-ADD5-47A33EE2D4D8}"
EndProject
Project("{9A19103F-16F7-4668-BE54-9A1E7A4F7556}") = "Creater", "Creater\Creater.csproj", "{A16DE9E1-03F3-45F4-ADA6-88EC3E351BF6}"
EndProject
Project("{FAE04EC0-301F-11D3-BF4B-00C04F79EFBC}") = "Services", "Services\Services.csproj", "{A606C1DE-84DE-4176-952C-978D72181ACA}"
EndProject
Global
	GlobalSection(SolutionConfigurationPlatforms) = preSolution
		Debug|Any CPU = Debug|Any CPU
		Release|Any CPU = Release|Any CPU
	EndGlobalSection
	GlobalSection(ProjectConfigurationPlatforms) = postSolution
		{D3B39ABE-9941-4E63-B50A-B8A410B9D810}.Debug|Any CPU.ActiveCfg = Debug|Any CPU
		{D3B39ABE-9941-4E63-B50A-B8A410B9D810}.Debug|Any CPU.Build.0 = Debug|Any CPU
		{D3B39ABE-9941-4E63-B50A-B8A410B9D810}.Release|Any CPU.ActiveCfg = Release|Any CPU
		{D3B39ABE-9941-4E63-B50A-B8A410B9D810}.Release|Any CPU.Build.0 = Release|Any CPU
		{523288BF-C1D1-4DEF-8C68-3AB2349ECC17}.Debug|Any CPU.ActiveCfg = Debug|Any CPU
		{523288BF-C1D1-4DEF-8C68-3AB2349ECC17}.Debug|Any CPU.Build.0 = Debug|Any CPU
		{523288BF-C1D1-4DEF-8C68-3AB2349ECC17}.Release|Any CPU.ActiveCfg = Release|Any CPU
		{523288BF-C1D1-4DEF-8C68-3AB2349ECC17}.Release|Any CPU.Build.0 = Release|Any CPU
		{5BB476D5-9088-4202-ADD5-47A33EE2D4D8}.Debug|Any CPU.ActiveCfg = Debug|Any CPU
		{5BB476D5-9088-4202-ADD5-47A33EE2D4D8}.Debug|Any CPU.Build.0 = Debug|Any CPU
		{5BB476D5-9088-4202-ADD5-47A33EE2D4D8}.Release|Any CPU.ActiveCfg = Release|Any CPU
		{5BB476D5-9088-4202-ADD5-47A33EE2D4D8}.Release|Any CPU.Build.0 = Release|Any CPU
		{A16DE9E1-03F3-45F4-ADA6-88EC3E351BF6}.Debug|Any CPU.ActiveCfg = Debug|Any CPU
		{A16DE9E1-03F3-45F4-ADA6-88EC3E351BF6}.Debug|Any CPU.Build.0 = Debug|Any CPU
		{A16DE9E1-03F3-45F4-ADA6-88EC3E351BF6}.Release|Any CPU.ActiveCfg = Release|Any CPU
		{A16DE9E1-03F3-45F4-ADA6-88EC3E351BF6}.Release|Any CPU.Build.0 = Release|Any CPU
		{A606C1DE-84DE-4176-952C-978D72181ACA}.Debug|Any CPU.ActiveCfg = Debug|Any CPU
		{A606C1DE-84DE-4176-952C-978D72181ACA}.Debug|Any CPU.Build.0 = Debug|Any CPU
		{A606C1DE-84DE-4176-952C-978D72181ACA}.Release|Any CPU.ActiveCfg = Release|Any CPU
		{A606C1DE-84DE-4176-952C-978D72181ACA}.Release|Any CPU.Build.0 = Release|Any CPU
	EndGlobalSection
	GlobalSection(SolutionProperties) = preSolution
		HideSolutionNode = FALSE
	EndGlobalSection
	GlobalSection(ExtensibilityGlobals) = postSolution
		SolutionGuid = {CF29BE45-22F4-4A7D-A93F-B9C0AFF2591B}
	EndGlobalSection
EndGlobal
